
Microsoft Visual Studio Solution File, Format Version 12.00
# Visual Studio Version 17
VisualStudioVersion = 17.1.32421.90
MinimumVisualStudioVersion = 10.0.40219.1
Project("{FAE04EC0-301F-11D3-BF4B-00C04F79EFBC}") = "WebAppLibrary", "WebAppLibrary\WebAppLibrary.csproj", "{7B6FE024-0D49-454A-938B-08DCD67C67EF}"
EndProject
Global
	GlobalSection(SolutionConfigurationPlatforms) = preSolution
		Debug|Any CPU = Debug|Any CPU
		Release|Any CPU = Release|Any CPU
	EndGlobalSection
	GlobalSection(ProjectConfigurationPlatforms) = postSolution
		{7B6FE024-0D49-454A-938B-08DCD67C67EF}.Debug|Any CPU.ActiveCfg = Debug|Any CPU
		{7B6FE024-0D49-454A-938B-08DCD67C67EF}.Debug|Any CPU.Build.0 = Debug|Any CPU
		{7B6FE024-0D49-454A-938B-08DCD67C67EF}.Release|Any CPU.ActiveCfg = Release|Any CPU
		{7B6FE024-0D49-454A-938B-08DCD67C67EF}.Release|Any CPU.Build.0 = Release|Any CPU
	EndGlobalSection
	GlobalSection(SolutionProperties) = preSolution
		HideSolutionNode = FALSE
	EndGlobalSection
	GlobalSection(ExtensibilityGlobals) = postSolution
		SolutionGuid = {D029C7E4-8B91-4B57-B121-2E752FB0D66D}
	EndGlobalSection
EndGlobal
